{
  "name": "examples",
  "version": "1.0.0",
  "lockfileVersion": 3,
  "requires": true,
  "packages": {
    "": {
      "name": "examples",
      "version": "1.0.0",
      "license": "ISC",
      "dependencies": {
        "resulta": "^1.0.2"
      }
    },
    "node_modules/resulta": {
      "version": "1.0.2",
      "resolved": "https://registry.npmjs.org/resulta/-/resulta-1.0.2.tgz",
      "integrity": "sha512-oALVN5QumKNf0bOpA5P8iqydo8GeSXQ/rPKv3zW4x0XgManEBWML7tZHjGd4FCgv/HRy180l5M5qYXzKzKBdQQ==",
      "license": "MIT"
    }
  }
}
