{
  "name": "examples",
  "version": "1.0.0",
  "lockfileVersion": 3,
  "requires": true,
  "packages": {
    "": {
      "name": "examples",
      "version": "1.0.0",
      "license": "ISC",
      "dependencies": {
        "resulta": "^1.0.1"
      }
    },
    "node_modules/resulta": {
      "version": "1.0.1",
      "resolved": "https://registry.npmjs.org/resulta/-/resulta-1.0.1.tgz",
      "integrity": "sha512-CXltGLcZnMstQxygAFKvnZC2JvuXajPITTyz5DmEQ1/3UJYxIqbMHZYYYwOWerIZTYsvGsBs87LPZflpJu6rWw==",
      "license": "MIT"
    }
  }
}
